
Microsoft Visual Studio Solution File, Format Version 12.00
# Visual Studio Version 17
VisualStudioVersion = 17.5.33424.131
MinimumVisualStudioVersion = 10.0.40219.1
Project("{FAE04EC0-301F-11D3-BF4B-00C04F79EFBC}") = "Projekt nr 1 z W21", "Projekt nr 1 z W21\Projekt nr 1 z W21.csproj", "{D30D3DCE-78BD-443B-A4A7-88A253F14E4D}"
EndProject
Global
	GlobalSection(SolutionConfigurationPlatforms) = preSolution
		Debug|Any CPU = Debug|Any CPU
		Release|Any CPU = Release|Any CPU
	EndGlobalSection
	GlobalSection(ProjectConfigurationPlatforms) = postSolution
		{D30D3DCE-78BD-443B-A4A7-88A253F14E4D}.Debug|Any CPU.ActiveCfg = Debug|Any CPU
		{D30D3DCE-78BD-443B-A4A7-88A253F14E4D}.Debug|Any CPU.Build.0 = Debug|Any CPU
		{D30D3DCE-78BD-443B-A4A7-88A253F14E4D}.Release|Any CPU.ActiveCfg = Release|Any CPU
		{D30D3DCE-78BD-443B-A4A7-88A253F14E4D}.Release|Any CPU.Build.0 = Release|Any CPU
	EndGlobalSection
	GlobalSection(SolutionProperties) = preSolution
		HideSolutionNode = FALSE
	EndGlobalSection
	GlobalSection(ExtensibilityGlobals) = postSolution
		SolutionGuid = {DFE9B25C-67A2-4861-BD73-83A0248822A2}
	EndGlobalSection
EndGlobal
